PODS:
  - MLLineChart (2.0.5):
    - MLLineChart/Core (= 2.0.5)
  - MLLineChart/Core (2.0.5)
  - SideMenu (6.5.0)
  - SwiftChart (1.0.1)
  - SwiftyJSON (4.3.0)
  - Swinject (2.7.1)
  - SwinjectStoryboard (2.2.0):
    - Swinject (~> 2.6)
  - TagListView (1.4.0)

DEPENDENCIES:
  - MLLineChart
  - SideMenu
  - SwiftChart
  - SwiftyJSON (~> 4.0)
  - Swinject
  - SwinjectStoryboard
  - TagListView (~> 1.0)

SPEC REPOS:
  trunk:
    - MLLineChart
    - SideMenu
    - SwiftChart
    - SwiftyJSON
    - Swinject
    - SwinjectStoryboard
    - TagListView

SPEC CHECKSUMS:
  MLLineChart: fc98eeacac4a92265b50b9f2c1e975879843f4e8
  SideMenu: f583187d21c5b1dd04c72002be544b555a2627a2
  SwiftChart: ba767a678d568a5ee22d419e146a0582865e1aff
  SwiftyJSON: 6faa0040f8b59dead0ee07436cbf76b73c08fd08
  Swinject: ddf78b8486dd9b71a667b852cad919ab4484478e
  SwinjectStoryboard: 32512ef16c2b0ff5b8f823b23539c4a50f6d3383
  TagListView: 987b0bdbb16cd9d9e7c0e2ec32aff37ecba8b173

PODFILE CHECKSUM: 2e8d38cbd7fad8ea025a6c64357842f78ffbf1b7

COCOAPODS: 1.10.0
